
Microsoft Visual Studio Solution File, Format Version 12.00
# Visual Studio 15
VisualStudioVersion = 15.0.28010.2026
MinimumVisualStudioVersion = 10.0.40219.1
Project("{FAE04EC0-301F-11D3-BF4B-00C04F79EFBC}") = "DatingApp.API", "DatingApp.API\DatingApp.API.csproj", "{4976D8BA-DF88-4B0B-83C8-F45583D3CD1F}"
EndProject
Global
	GlobalSection(SolutionConfigurationPlatforms) = preSolution
		Debug|Any CPU = Debug|Any CPU
		Release|Any CPU = Release|Any CPU
	EndGlobalSection
	GlobalSection(ProjectConfigurationPlatforms) = postSolution
		{4976D8BA-DF88-4B0B-83C8-F45583D3CD1F}.Debug|Any CPU.ActiveCfg = Debug|Any CPU
		{4976D8BA-DF88-4B0B-83C8-F45583D3CD1F}.Debug|Any CPU.Build.0 = Debug|Any CPU
		{4976D8BA-DF88-4B0B-83C8-F45583D3CD1F}.Release|Any CPU.ActiveCfg = Release|Any CPU
		{4976D8BA-DF88-4B0B-83C8-F45583D3CD1F}.Release|Any CPU.Build.0 = Release|Any CPU
	EndGlobalSection
	GlobalSection(SolutionProperties) = preSolution
		HideSolutionNode = FALSE
	EndGlobalSection
	GlobalSection(ExtensibilityGlobals) = postSolution
		SolutionGuid = {7DFBB886-8136-4F9D-8753-4876A02783DE}
	EndGlobalSection
EndGlobal
